<?xml version="1.0" encoding="utf-8"?>
<Project ToolsVersion="4.0" xmlns="http://schemas.microsoft.com/developer/msbuild/2003">
  <ItemGroup>
    <ClCompile Include="main.cpp" />
    <ClCompile Include="ELWindowApp.cpp" />
    <ClCompile Include="ShaderProgram.cpp">
      <Filter>glutil</Filter>
    </ClCompile>
    <ClCompile Include="TextReader.cpp">
      <Filter>glutil</Filter>
    </ClCompile>
    <ClCompile Include="gltest.cpp" />
    <ClCompile Include="ShaderHelper.cpp">
      <Filter>glutil</Filter>
    </ClCompile>
    <ClCompile Include="elframe\AutoReleasePool.cpp">
      <Filter>elframe</Filter>
    </ClCompile>
  </ItemGroup>
  <ItemGroup>
    <ClInclude Include="ELWindowApp.h" />
    <ClInclude Include="..\..\..\..\md\training_ground\include\elloop\common\stl_header.h">
      <Filter>include</Filter>
    </ClInclude>
    <ClInclude Include="..\..\..\..\md\training_ground\include\elloop\common\print_util.h">
      <Filter>include</Filter>
    </ClInclude>
    <ClInclude Include="..\..\..\..\md\training_ground\include\elloop\common\macro_define.h">
      <Filter>include</Filter>
    </ClInclude>
    <ClInclude Include="..\..\..\..\md\training_ground\include\elloop\common\inc.h">
      <Filter>include</Filter>
    </ClInclude>
    <ClInclude Include="ShaderProgram.h">
      <Filter>glutil</Filter>
    </ClInclude>
    <ClInclude Include="gltest.h" />
    <ClInclude Include="TextReader.h">
      <Filter>glutil</Filter>
    </ClInclude>
    <ClInclude Include="Config.h">
      <Filter>glutil</Filter>
    </ClInclude>
    <ClInclude Include="ShaderHelper.h">
      <Filter>glutil</Filter>
    </ClInclude>
    <ClInclude Include="macros.h">
      <Filter>platform</Filter>
    </ClInclude>
    <ClInclude Include="elframe\Ref.h">
      <Filter>elframe</Filter>
    </ClInclude>
    <ClInclude Include="include\cell\CELLMath.hpp">
      <Filter>include\cell</Filter>
    </ClInclude>
    <ClInclude Include="elframe\AutoReleasePool.h">
      <Filter>elframe</Filter>
    </ClInclude>
  </ItemGroup>
  <ItemGroup>
    <Filter Include="include">
      <UniqueIdentifier>{d7d7bc57-e66b-4511-88f3-07973997aced}</UniqueIdentifier>
    </Filter>
    <Filter Include="glutil">
      <UniqueIdentifier>{a1e75dfd-921f-4ad1-b2e5-2ee15376d438}</UniqueIdentifier>
    </Filter>
    <Filter Include="shaders">
      <UniqueIdentifier>{75ef41fa-eca0-486d-8880-0119bb8544d8}</UniqueIdentifier>
    </Filter>
    <Filter Include="platform">
      <UniqueIdentifier>{36c23462-6056-4d86-9664-3a5cc95871dc}</UniqueIdentifier>
    </Filter>
    <Filter Include="elframe">
      <UniqueIdentifier>{62294279-455b-4ce2-a072-4882864979a2}</UniqueIdentifier>
    </Filter>
    <Filter Include="include\cell">
      <UniqueIdentifier>{5d324d8c-c699-4d32-af15-239b4aec7447}</UniqueIdentifier>
    </Filter>
  </ItemGroup>
  <ItemGroup>
    <None Include="shaders\p2c4_fragment_shader.glsl">
      <Filter>shaders</Filter>
    </None>
    <None Include="shaders\p2c4_vertex_shader.glsl">
      <Filter>shaders</Filter>
    </None>
  </ItemGroup>
</Project>